
Microsoft Visual Studio Solution File, Format Version 12.00
# Visual Studio Version 17
VisualStudioVersion = 17.0.32014.148
MinimumVisualStudioVersion = 10.0.40219.1
Project("{9A19103F-16F7-4668-BE54-9A1E7A4F7556}") = "SeleniumNUnitTests", "SeleniumNUnitTests\SeleniumNUnitTests.csproj", "{35220F3C-725A-4F08-8C8D-6DF3930CCE88}"
EndProject
Global
	GlobalSection(SolutionConfigurationPlatforms) = preSolution
		Debug|Any CPU = Debug|Any CPU
		Release|Any CPU = Release|Any CPU
	EndGlobalSection
	GlobalSection(ProjectConfigurationPlatforms) = postSolution
		{35220F3C-725A-4F08-8C8D-6DF3930CCE88}.Debug|Any CPU.ActiveCfg = Debug|Any CPU
		{35220F3C-725A-4F08-8C8D-6DF3930CCE88}.Debug|Any CPU.Build.0 = Debug|Any CPU
		{35220F3C-725A-4F08-8C8D-6DF3930CCE88}.Release|Any CPU.ActiveCfg = Release|Any CPU
		{35220F3C-725A-4F08-8C8D-6DF3930CCE88}.Release|Any CPU.Build.0 = Release|Any CPU
	EndGlobalSection
	GlobalSection(SolutionProperties) = preSolution
		HideSolutionNode = FALSE
	EndGlobalSection
	GlobalSection(ExtensibilityGlobals) = postSolution
		SolutionGuid = {5508F99B-4C91-433F-825D-6979A934A774}
	EndGlobalSection
EndGlobal
